// !$*UTF8*$!
{
	archiveVersion = 1;
	classes = {
	};
	objectVersion = 48;
	objects = {

/* Begin PBXBuildFile section */
		A470EA5A211C0D9F00DBCC74 /* AppDelegate.swift in Sources */ = {isa = PBXBuildFile; fileRef = A470EA59211C0D9F00DBCC74 /* AppDelegate.swift */; };
		A470EA5C211C0D9F00DBCC74 /* ViewController.swift in Sources */ = {isa = PBXBuildFile; fileRef = A470EA5B211C0D9F00DBCC74 /* ViewController.swift */; };
		A470EA5F211C0D9F00DBCC74 /* Main.storyboard in Resources */ = {isa = PBXBuildFile; fileRef = A470EA5D211C0D9F00DBCC74 /* Main.storyboard */; };
		A470EA61211C0D9F00DBCC74 /* Assets.xcassets in Resources */ = {isa = PBXBuildFile; fileRef = A470EA60211C0D9F00DBCC74 /* Assets.xcassets */; };
		A470EA64211C0D9F00DBCC74 /* LaunchScreen.storyboard in Resources */ = {isa = PBXBuildFile; fileRef = A470EA62211C0D9F00DBCC74 /* LaunchScreen.storyboard */; };
/* End PBXBuildFile section */

/* Begin PBXFileReference section */
		A470EA56211C0D9F00DBCC74 /* autoResizee.app */ = {isa = PBXFileReference; explicitFileType = wrapper.application; includeInIndex = 0; path = autoResizee.app; sourceTree = BUILT_PRODUCTS_DIR; };
		A470EA59211C0D9F00DBCC74 /* AppDelegate.swift */ = {isa = PBXFileReference; lastKnownFileType = sourcecode.swift; path = AppDelegate.swift; sourceTree = "<group>"; };
		A470EA5B211C0D9F00DBCC74 /* ViewController.swift */ = {isa = PBXFileReference; lastKnownFileType = sourcecode.swift; path = ViewController.swift; sourceTree = "<group>"; };
		A470EA5E211C0D9F00DBCC74 /* Base */ = {isa = PBXFileReference; lastKnownFileType = file.storyboard; name = Base; path = Base.lproj/Main.storyboard; sourceTree = "<group>"; };
		A470EA60211C0D9F00DBCC74 /* Assets.xcassets */ = {isa = PBXFileReference; lastKnownFileType = folder.assetcatalog; path = Assets.xcassets; sourceTree = "<group>"; };
		A470EA63211C0D9F00DBCC74 /* Base */ = {isa = PBXFileReference; lastKnownFileType = file.storyboard; name = Base; path = Base.lproj/LaunchScreen.storyboard; sourceTree = "<group>"; };
		A470EA65211C0D9F00DBCC74 /* Info.plist */ = {isa = PBXFileReference; lastKnownFileType = text.plist.xml; path = Info.plist; sourceTree = "<group>"; };
/* End PBXFileReference section */

/* Begin PBXFrameworksBuildPhase section */
		A470EA53211C0D9F00DBCC74 /* Frameworks */ = {
			isa = PBXFrameworksBuildPhase;
			buildActionMask = 2147483647;
			files = (
			);
			runOnlyForDeploymentPostprocessing = 0;
		};
/* End PBXFrameworksBuildPhase section */

/* Begin PBXGroup section */
		A470EA4D211C0D9F00DBCC74 = {
			isa = PBXGroup;
			children = (
				A470EA58211C0D9F00DBCC74 /* autoResizee */,
				A470EA57211C0D9F00DBCC74 /* Products */,
			);
			sourceTree = "<group>";
		};
		A470EA57211C0D9F00DBCC74 /* Products */ = {
			isa = PBXGroup;
			children = (
				A470EA56211C0D9F00DBCC74 /* autoResizee.app */,
			);
			name = Products;
			sourceTree = "<group>";
		};
		A470EA58211C0D9F00DBCC74 /* autoResizee */ = {
			isa = PBXGroup;
			children = (
				A470EA59211C0D9F00DBCC74 /* AppDelegate.swift */,
				A470EA5B211C0D9F00DBCC74 /* ViewController.swift */,
				A470EA5D211C0D9F00DBCC74 /* Main.storyboard */,
				A470EA60211C0D9F00DBCC74 /* Assets.xcassets */,
				A470EA62211C0D9F00DBCC74 /* LaunchScreen.storyboard */,
				A470EA65211C0D9F00DBCC74 /* Info.plist */,
			);
			path = autoResizee;
			sourceTree = "<group>";
		};
/* End PBXGroup section */

/* Begin PBXNativeTarget section */
		A470EA55211C0D9F00DBCC74 /* autoResizee */ = {
			isa = PBXNativeTarget;
			buildConfigurationList = A470EA68211C0D9F00DBCC74 /* Build configuration list for PBXNativeTarget "autoResizee" */;
			buildPhases = (
				A470EA52211C0D9F00DBCC74 /* Sources */,
				A470EA53211C0D9F00DBCC74 /* Frameworks */,
				A470EA54211C0D9F00DBCC74 /* Resources */,
			);
			buildRules = (
			);
			dependencies = (
			);
			name = autoResizee;
			productName = autoResizee;
			productReference = A470EA56211C0D9F00DBCC74 /* autoResizee.app */;
			productType = "com.apple.product-type.application";
		};
/* End PBXNativeTarget section */

/* Begin PBXProject section */
		A470EA4E211C0D9F00DBCC74 /* Project object */ = {
			isa = PBXProject;
			attributes = {
				LastSwiftUpdateCheck = 0920;
				LastUpgradeCheck = 0920;
				ORGANIZATIONNAME = "AFFIXUS IMAC1";
				TargetAttributes = {
					A470EA55211C0D9F00DBCC74 = {
						CreatedOnToolsVersion = 9.2;
						ProvisioningStyle = Automatic;
					};
				};
			};
			buildConfigurationList = A470EA51211C0D9F00DBCC74 /* Build configuration list for PBXProject "autoResizee" */;
			compatibilityVersion = "Xcode 8.0";
			developmentRegion = en;
			hasScannedForEncodings = 0;
			knownRegions = (
				en,
				Base,
			);
			mainGroup = A470EA4D211C0D9F00DBCC74;
			productRefGroup = A470EA57211C0D9F00DBCC74 /* Products */;
			projectDirPath = "";
			projectRoot = "";
			targets = (
				A470EA55211C0D9F00DBCC74 /* autoResizee */,
			);
		};
/* End PBXProject section */

/* Begin PBXResourcesBuildPhase section */
		A470EA54211C0D9F00DBCC74 /* Resources */ = {
			isa = PBXResourcesBuildPhase;
			buildActionMask = 2147483647;
			files = (
				A470EA64211C0D9F00DBCC74 /* LaunchScreen.storyboard in Resources */,
				A470EA61211C0D9F00DBCC74 /* Assets.xcassets in Resources */,
				A470EA5F211C0D9F00DBCC74 /* Main.storyboard in Resources */,
			);
			runOnlyForDeploymentPostprocessing = 0;
		};
/* End PBXResourcesBuildPhase section */

/* Begin PBXSourcesBuildPhase section */
		A470EA52211C0D9F00DBCC74 /* Sources */ = {
			isa = PBXSourcesBuildPhase;
			buildActionMask = 2147483647;
			files = (
				A470EA5C211C0D9F00DBCC74 /* ViewController.swift in Sources */,
				A470EA5A211C0D9F00DBCC74 /* AppDelegate.swift in Sources */,
			);
			runOnlyForDeploymentPostprocessing = 0;
		};
/* End PBXSourcesBuildPhase section */

/* Begin PBXVariantGroup section */
		A470EA5D211C0D9F00DBCC74 /* Main.storyboard */ = {
			isa = PBXVariantGroup;
			children = (
				A470EA5E211C0D9F00DBCC74 /* Base */,
			);
			name = Main.storyboard;
			sourceTree = "<group>";
		};
		A470EA62211C0D9F00DBCC74 /* LaunchScreen.storyboard */ = {
			isa = PBXVariantGroup;
			children = (
				A470EA63211C0D9F00DBCC74 /* Base */,
			);
			name = LaunchScreen.storyboard;
			sourceTree = "<group>";
		};
/* End PBXVariantGroup section */

/* Begin XCBuildConfiguration section */
		A470EA66211C0D9F00DBCC74 /* Debug */ = {
			isa = XCBuildConfiguration;
			buildSettings = {
				ALWAYS_SEARCH_USER_PATHS = NO;
				CLANG_ANALYZER_NONNULL = YES;
				CLANG_ANALYZER_NUMBER_OBJECT_CONVERSION = YES_AGGRESSIVE;
				CLANG_CXX_LANGUAGE_STANDARD = "gnu++14";
				CLANG_CXX_LIBRARY = "libc++";
				CLANG_ENABLE_MODULES = YES;
				CLANG_ENABLE_OBJC_ARC = YES;
				CLANG_WARN_BLOCK_CAPTURE_AUTORELEASING = YES;
				CLANG_WARN_BOOL_CONVERSION = YES;
				CLANG_WARN_COMMA = YES;
				CLANG_WARN_CONSTANT_CONVERSION = YES;
				CLANG_WARN_DIRECT_OBJC_ISA_USAGE = YES_ERROR;
				CLANG_WARN_DOCUMENTATION_COMMENTS = YES;
				CLANG_WARN_EMPTY_BODY = YES;
				CLANG_WARN_ENUM_CONVERSION = YES;
				CLANG_WARN_INFINITE_RECURSION = YES;
				CLANG_WARN_INT_CONVERSION = YES;
				CLANG_WARN_NON_LITERAL_NULL_CONVERSION = YES;
				CLANG_WARN_OBJC_LITERAL_CONVERSION = YES;
				CLANG_WARN_OBJC_ROOT_CLASS = YES_ERROR;
				CLANG_WARN_RANGE_LOOP_ANALYSIS = YES;
				CLANG_WARN_STRICT_PROTOTYPES = YES;
				CLANG_WARN_SUSPICIOUS_MOVE = YES;
				CLANG_WARN_UNGUARDED_AVAILABILITY = YES_AGGRESSIVE;
				CLANG_WARN_UNREACHABLE_CODE = YES;
				CLANG_WARN__DUPLICATE_METHOD_MATCH = YES;
				CODE_SIGN_IDENTITY = "iPhone Developer";
				COPY_PHASE_STRIP = NO;
				DEBUG_INFORMATION_FORMAT = dwarf;
				ENABLE_STRICT_OBJC_MSGSEND = YES;
				ENABLE_TESTABILITY = YES;
				GCC_C_LANGUAGE_STANDARD = gnu11;
				GCC_DYNAMIC_NO_PIC = NO;
				GCC_NO_COMMON_BLOCKS = YES;
				GCC_OPTIMIZATION_LEVEL = 0;
				GCC_PREPROCESSOR_DEFINITIONS = (
					"DEBUG=1",
					"$(inherited)",
				);
				GCC_WARN_64_TO_32_BIT_CONVERSION = YES;
				GCC_WARN_ABOUT_RETURN_TYPE = YES_ERROR;
				GCC_WARN_UNDECLARED_SELECTOR = YES;
				GCC_WARN_UNINITIALIZED_AUTOS = YES_AGGRESSIVE;
				GCC_WARN_UNUSED_FUNCTION = YES;
				GCC_WARN_UNUSED_VARIABLE = YES;
				IPHONEOS_DEPLOYMENT_TARGET = 11.2;
				MTL_ENABLE_DEBUG_INFO = YES;
				ONLY_ACTIVE_ARCH = YES;
				SDKROOT = iphoneos;
				SWIFT_ACTIVE_COMPILATION_CONDITIONS = DEBUG;
				SWIFT_OPTIMIZATION_LEVEL = "-Onone";
			};
			name = Debug;
		};
		A470EA67211C0D9F00DBCC74 /* Release */ = {
			isa = XCBuildConfiguration;
			buildSettings = {
				ALWAYS_SEARCH_USER_PATHS = NO;
				CLANG_ANALYZER_NONNULL = YES;
				CLANG_ANALYZER_NUMBER_OBJECT_CONVERSION = YES_AGGRESSIVE;
				CLANG_CXX_LANGUAGE_STANDARD = "gnu++14";
				CLANG_CXX_LIBRARY = "libc++";
				CLANG_ENABLE_MODULES = YES;
				CLANG_ENABLE_OBJC_ARC = YES;
				CLANG_WARN_BLOCK_CAPTURE_AUTORELEASING = YES;
				CLANG_WARN_BOOL_CONVERSION = YES;
				CLANG_WARN_COMMA = YES;
				CLANG_WARN_CONSTANT_CONVERSION = YES;
				CLANG_WARN_DIRECT_OBJC_ISA_USAGE = YES_ERROR;
				CLANG_WARN_DOCUMENTATION_COMMENTS = YES;
				CLANG_WARN_EMPTY_BODY = YES;
				CLANG_WARN_ENUM_CONVERSION = YES;
				CLANG_WARN_INFINITE_RECURSION = YES;
				CLANG_WARN_INT_CONVERSION = YES;
				CLANG_WARN_NON_LITERAL_NULL_CONVERSION = YES;
				CLANG_WARN_OBJC_LITERAL_CONVERSION = YES;
				CLANG_WARN_OBJC_ROOT_CLASS = YES_ERROR;
				CLANG_WARN_RANGE_LOOP_ANALYSIS = YES;
				CLANG_WARN_STRICT_PROTOTYPES = YES;
				CLANG_WARN_SUSPICIOUS_MOVE = YES;
				CLANG_WARN_UNGUARDED_AVAILABILITY = YES_AGGRESSIVE;
				CLANG_WARN_UNREACHABLE_CODE = YES;
				CLANG_WARN__DUPLICATE_METHOD_MATCH = YES;
				CODE_SIGN_IDENTITY = "iPhone Developer";
				COPY_PHASE_STRIP = NO;
				DEBUG_INFORMATION_FORMAT = "dwarf-with-dsym";
				ENABLE_NS_ASSERTIONS = NO;
				ENABLE_STRICT_OBJC_MSGSEND = YES;
				GCC_C_LANGUAGE_STANDARD = gnu11;
				GCC_NO_COMMON_BLOCKS = YES;
				GCC_WARN_64_TO_32_BIT_CONVERSION = YES;
				GCC_WARN_ABOUT_RETURN_TYPE = YES_ERROR;
				GCC_WARN_UNDECLARED_SELECTOR = YES;
				GCC_WARN_UNINITIALIZED_AUTOS = YES_AGGRESSIVE;
				GCC_WARN_UNUSED_FUNCTION = YES;
				GCC_WARN_UNUSED_VARIABLE = YES;
				IPHONEOS_DEPLOYMENT_TARGET = 11.2;
				MTL_ENABLE_DEBUG_INFO = NO;
				SDKROOT = iphoneos;
				SWIFT_OPTIMIZATION_LEVEL = "-Owholemodule";
				VALIDATE_PRODUCT = YES;
			};
			name = Release;
		};
		A470EA69211C0D9F00DBCC74 /* Debug */ = {
			isa = XCBuildConfiguration;
			buildSettings = {
				ASSETCATALOG_COMPILER_APPICON_NAME = AppIcon;
				CODE_SIGN_STYLE = Automatic;
				INFOPLIST_FILE = autoResizee/Info.plist;
				LD_RUNPATH_SEARCH_PATHS = "$(inherited) @executable_path/Frameworks";
				PRODUCT_BUNDLE_IDENTIFIER = affixus.autoResizee;
				PRODUCT_NAME = "$(TARGET_NAME)";
				SWIFT_VERSION = 4.0;
				TARGETED_DEVICE_FAMILY = "1,2";
			};
			name = Debug;
		};
		A470EA6A211C0D9F00DBCC74 /* Release */ = {
			isa = XCBuildConfiguration;
			buildSettings = {
				ASSETCATALOG_COMPILER_APPICON_NAME = AppIcon;
				CODE_SIGN_STYLE = Automatic;
				INFOPLIST_FILE = autoResizee/Info.plist;
				LD_RUNPATH_SEARCH_PATHS = "$(inherited) @executable_path/Frameworks";
				PRODUCT_BUNDLE_IDENTIFIER = affixus.autoResizee;
				PRODUCT_NAME = "$(TARGET_NAME)";
				SWIFT_VERSION = 4.0;
				TARGETED_DEVICE_FAMILY = "1,2";
			};
			name = Release;
		};
/* End XCBuildConfiguration section */

/* Begin XCConfigurationList section */
		A470EA51211C0D9F00DBCC74 /* Build configuration list for PBXProject "autoResizee" */ = {
			isa = XCConfigurationList;
			buildConfigurations = (
				A470EA66211C0D9F00DBCC74 /* Debug */,
				A470EA67211C0D9F00DBCC74 /* Release */,
			);
			defaultConfigurationIsVisible = 0;
			defaultConfigurationName = Release;
		};
		A470EA68211C0D9F00DBCC74 /* Build configuration list for PBXNativeTarget "autoResizee" */ = {
			isa = XCConfigurationList;
			buildConfigurations = (
				A470EA69211C0D9F00DBCC74 /* Debug */,
				A470EA6A211C0D9F00DBCC74 /* Release */,
			);
			defaultConfigurationIsVisible = 0;
			defaultConfigurationName = Release;
		};
/* End XCConfigurationList section */
	};
	rootObject = A470EA4E211C0D9F00DBCC74 /* Project object */;
}
